// !$*UTF8*$!
{
	archiveVersion = 1;
	classes = {
	};
	objectVersion = 46;
	objects = {

/* Begin PBXBuildFile section */
		1D60589F0D05DD5A006BFB54 /* Foundation.framework in Frameworks */ = {isa = PBXBuildFile; fileRef = 1D30AB110D05D00D00671497 /* Foundation.framework */; };
		1DF5F4E00D08C38300B7A737 /* UIKit.framework in Frameworks */ = {isa = PBXBuildFile; fileRef = 1DF5F4DF0D08C38300B7A737 /* UIKit.framework */; };
		288765FD0DF74451002DB57D /* CoreGraphics.framework in Frameworks */ = {isa = PBXBuildFile; fileRef = 288765FC0DF74451002DB57D /* CoreGraphics.framework */; };
		3B000B6D142D0C6500A52F28 /* main.m in Sources */ = {isa = PBXBuildFile; fileRef = 3B000B68142D0C6500A52F28 /* main.m */; };
		3B000B6E142D0C6500A52F28 /* PCAppDelegate.m in Sources */ = {isa = PBXBuildFile; fileRef = 3B000B6A142D0C6500A52F28 /* PCAppDelegate.m */; };
		3B000B76142D0C8000A52F28 /* GCPasscodeViewController.m in Sources */ = {isa = PBXBuildFile; fileRef = 3B000B72142D0C8000A52F28 /* GCPasscodeViewController.m */; };
		3B000B77142D0C8000A52F28 /* PINBox.png in Resources */ = {isa = PBXBuildFile; fileRef = 3B000B73142D0C8000A52F28 /* PINBox.png */; };
		3B000B78142D0C8000A52F28 /* PINBox@2x.png in Resources */ = {isa = PBXBuildFile; fileRef = 3B000B74142D0C8000A52F28 /* PINBox@2x.png */; };
		3B000B79142D0C8000A52F28 /* PINViewDefault.xib in Resources */ = {isa = PBXBuildFile; fileRef = 3B000B75142D0C8000A52F28 /* PINViewDefault.xib */; };
		3B000B7B142D0C9F00A52F28 /* MainWindow.xib in Resources */ = {isa = PBXBuildFile; fileRef = 3B000B7A142D0C9F00A52F28 /* MainWindow.xib */; };
		3B3139D0142E695200401392 /* GCPasscodePatternControl.m in Sources */ = {isa = PBXBuildFile; fileRef = 3B3139CF142E695200401392 /* GCPasscodePatternControl.m */; };
		3B7D74C1125FC41B00376B2C /* AudioToolbox.framework in Frameworks */ = {isa = PBXBuildFile; fileRef = 3B7D74C0125FC41B00376B2C /* AudioToolbox.framework */; };
/* End PBXBuildFile section */

/* Begin PBXFileReference section */
		1D30AB110D05D00D00671497 /* Foundation.framework */ = {isa = PBXFileReference; lastKnownFileType = wrapper.framework; name = Foundation.framework; path = System/Library/Frameworks/Foundation.framework; sourceTree = SDKROOT; };
		1D6058910D05DD3D006BFB54 /* PINCode.app */ = {isa = PBXFileReference; explicitFileType = wrapper.application; includeInIndex = 0; path = PINCode.app; sourceTree = BUILT_PRODUCTS_DIR; };
		1DF5F4DF0D08C38300B7A737 /* UIKit.framework */ = {isa = PBXFileReference; lastKnownFileType = wrapper.framework; name = UIKit.framework; path = System/Library/Frameworks/UIKit.framework; sourceTree = SDKROOT; };
		288765FC0DF74451002DB57D /* CoreGraphics.framework */ = {isa = PBXFileReference; lastKnownFileType = wrapper.framework; name = CoreGraphics.framework; path = System/Library/Frameworks/CoreGraphics.framework; sourceTree = SDKROOT; };
		3B000B68142D0C6500A52F28 /* main.m */ = {isa = PBXFileReference; fileEncoding = 4; lastKnownFileType = sourcecode.c.objc; path = main.m; sourceTree = "<group>"; };
		3B000B69142D0C6500A52F28 /* PCAppDelegate.h */ = {isa = PBXFileReference; fileEncoding = 4; lastKnownFileType = sourcecode.c.h; path = PCAppDelegate.h; sourceTree = "<group>"; };
		3B000B6A142D0C6500A52F28 /* PCAppDelegate.m */ = {isa = PBXFileReference; fileEncoding = 4; lastKnownFileType = sourcecode.c.objc; path = PCAppDelegate.m; sourceTree = "<group>"; };
		3B000B6B142D0C6500A52F28 /* PINCode-Info.plist */ = {isa = PBXFileReference; fileEncoding = 4; lastKnownFileType = text.plist.xml; path = "PINCode-Info.plist"; sourceTree = "<group>"; };
		3B000B6C142D0C6500A52F28 /* PINCode_Prefix.pch */ = {isa = PBXFileReference; fileEncoding = 4; lastKnownFileType = sourcecode.c.h; path = PINCode_Prefix.pch; sourceTree = "<group>"; };
		3B000B71142D0C8000A52F28 /* GCPasscodeViewController.h */ = {isa = PBXFileReference; fileEncoding = 4; path = GCPasscodeViewController.h; sourceTree = "<group>"; };
		3B000B72142D0C8000A52F28 /* GCPasscodeViewController.m */ = {isa = PBXFileReference; fileEncoding = 4; lastKnownFileType = sourcecode.c.objc; path = GCPasscodeViewController.m; sourceTree = "<group>"; };
		3B000B73142D0C8000A52F28 /* PINBox.png */ = {isa = PBXFileReference; lastKnownFileType = image.png; path = PINBox.png; sourceTree = "<group>"; };
		3B000B74142D0C8000A52F28 /* PINBox@2x.png */ = {isa = PBXFileReference; lastKnownFileType = image.png; path = "PINBox@2x.png"; sourceTree = "<group>"; };
		3B000B75142D0C8000A52F28 /* PINViewDefault.xib */ = {isa = PBXFileReference; fileEncoding = 4; lastKnownFileType = file.xib; path = PINViewDefault.xib; sourceTree = "<group>"; };
		3B000B7A142D0C9F00A52F28 /* MainWindow.xib */ = {isa = PBXFileReference; fileEncoding = 4; lastKnownFileType = file.xib; path = MainWindow.xib; sourceTree = "<group>"; };
		3B3139CE142E695200401392 /* GCPasscodePatternControl.h */ = {isa = PBXFileReference; fileEncoding = 4; lastKnownFileType = sourcecode.c.h; path = GCPasscodePatternControl.h; sourceTree = "<group>"; };
		3B3139CF142E695200401392 /* GCPasscodePatternControl.m */ = {isa = PBXFileReference; fileEncoding = 4; lastKnownFileType = sourcecode.c.objc; path = GCPasscodePatternControl.m; sourceTree = "<group>"; };
		3B7D74C0125FC41B00376B2C /* AudioToolbox.framework */ = {isa = PBXFileReference; lastKnownFileType = wrapper.framework; name = AudioToolbox.framework; path = System/Library/Frameworks/AudioToolbox.framework; sourceTree = SDKROOT; };
/* End PBXFileReference section */

/* Begin PBXFrameworksBuildPhase section */
		1D60588F0D05DD3D006BFB54 /* Frameworks */ = {
			isa = PBXFrameworksBuildPhase;
			buildActionMask = 2147483647;
			files = (
				1D60589F0D05DD5A006BFB54 /* Foundation.framework in Frameworks */,
				1DF5F4E00D08C38300B7A737 /* UIKit.framework in Frameworks */,
				288765FD0DF74451002DB57D /* CoreGraphics.framework in Frameworks */,
				3B7D74C1125FC41B00376B2C /* AudioToolbox.framework in Frameworks */,
			);
			runOnlyForDeploymentPostprocessing = 0;
		};
/* End PBXFrameworksBuildPhase section */

/* Begin PBXGroup section */
		19C28FACFE9D520D11CA2CBB /* Products */ = {
			isa = PBXGroup;
			children = (
				1D6058910D05DD3D006BFB54 /* PINCode.app */,
			);
			name = Products;
			sourceTree = "<group>";
		};
		29B97314FDCFA39411CA2CEA /* CustomTemplate */ = {
			isa = PBXGroup;
			children = (
				3B000B70142D0C8000A52F28 /* pinview */,
				3B000B67142D0C6500A52F28 /* PINCode */,
				29B97323FDCFA39411CA2CEA /* Frameworks */,
				19C28FACFE9D520D11CA2CBB /* Products */,
			);
			name = CustomTemplate;
			sourceTree = "<group>";
		};
		29B97323FDCFA39411CA2CEA /* Frameworks */ = {
			isa = PBXGroup;
			children = (
				3B7D74C0125FC41B00376B2C /* AudioToolbox.framework */,
				1DF5F4DF0D08C38300B7A737 /* UIKit.framework */,
				1D30AB110D05D00D00671497 /* Foundation.framework */,
				288765FC0DF74451002DB57D /* CoreGraphics.framework */,
			);
			name = Frameworks;
			sourceTree = "<group>";
		};
		3B000B67142D0C6500A52F28 /* PINCode */ = {
			isa = PBXGroup;
			children = (
				3B000B68142D0C6500A52F28 /* main.m */,
				3B000B69142D0C6500A52F28 /* PCAppDelegate.h */,
				3B000B6A142D0C6500A52F28 /* PCAppDelegate.m */,
				3B000B6B142D0C6500A52F28 /* PINCode-Info.plist */,
				3B000B6C142D0C6500A52F28 /* PINCode_Prefix.pch */,
				3B000B7A142D0C9F00A52F28 /* MainWindow.xib */,
			);
			path = PINCode;
			sourceTree = "<group>";
		};
		3B000B70142D0C8000A52F28 /* pinview */ = {
			isa = PBXGroup;
			children = (
				3B000B71142D0C8000A52F28 /* GCPasscodeViewController.h */,
				3B000B72142D0C8000A52F28 /* GCPasscodeViewController.m */,
				3B3139CE142E695200401392 /* GCPasscodePatternControl.h */,
				3B3139CF142E695200401392 /* GCPasscodePatternControl.m */,
				3B000B73142D0C8000A52F28 /* PINBox.png */,
				3B000B74142D0C8000A52F28 /* PINBox@2x.png */,
				3B000B75142D0C8000A52F28 /* PINViewDefault.xib */,
			);
			name = pinview;
			path = ../pinview;
			sourceTree = "<group>";
		};
/* End PBXGroup section */

/* Begin PBXNativeTarget section */
		1D6058900D05DD3D006BFB54 /* PINCode */ = {
			isa = PBXNativeTarget;
			buildConfigurationList = 1D6058960D05DD3E006BFB54 /* Build configuration list for PBXNativeTarget "PINCode" */;
			buildPhases = (
				1D60588D0D05DD3D006BFB54 /* Resources */,
				1D60588E0D05DD3D006BFB54 /* Sources */,
				1D60588F0D05DD3D006BFB54 /* Frameworks */,
			);
			buildRules = (
			);
			dependencies = (
			);
			name = PINCode;
			productName = PINCode;
			productReference = 1D6058910D05DD3D006BFB54 /* PINCode.app */;
			productType = "com.apple.product-type.application";
		};
/* End PBXNativeTarget section */

/* Begin PBXProject section */
		29B97313FDCFA39411CA2CEA /* Project object */ = {
			isa = PBXProject;
			attributes = {
				LastUpgradeCheck = 0410;
			};
			buildConfigurationList = C01FCF4E08A954540054247B /* Build configuration list for PBXProject "PINCode" */;
			compatibilityVersion = "Xcode 3.2";
			developmentRegion = English;
			hasScannedForEncodings = 1;
			knownRegions = (
				English,
				Japanese,
				French,
				German,
			);
			mainGroup = 29B97314FDCFA39411CA2CEA /* CustomTemplate */;
			projectDirPath = "";
			projectRoot = "";
			targets = (
				1D6058900D05DD3D006BFB54 /* PINCode */,
			);
		};
/* End PBXProject section */

/* Begin PBXResourcesBuildPhase section */
		1D60588D0D05DD3D006BFB54 /* Resources */ = {
			isa = PBXResourcesBuildPhase;
			buildActionMask = 2147483647;
			files = (
				3B000B77142D0C8000A52F28 /* PINBox.png in Resources */,
				3B000B78142D0C8000A52F28 /* PINBox@2x.png in Resources */,
				3B000B79142D0C8000A52F28 /* PINViewDefault.xib in Resources */,
				3B000B7B142D0C9F00A52F28 /* MainWindow.xib in Resources */,
			);
			runOnlyForDeploymentPostprocessing = 0;
		};
/* End PBXResourcesBuildPhase section */

/* Begin PBXSourcesBuildPhase section */
		1D60588E0D05DD3D006BFB54 /* Sources */ = {
			isa = PBXSourcesBuildPhase;
			buildActionMask = 2147483647;
			files = (
				3B000B6D142D0C6500A52F28 /* main.m in Sources */,
				3B000B6E142D0C6500A52F28 /* PCAppDelegate.m in Sources */,
				3B000B76142D0C8000A52F28 /* GCPasscodeViewController.m in Sources */,
				3B3139D0142E695200401392 /* GCPasscodePatternControl.m in Sources */,
			);
			runOnlyForDeploymentPostprocessing = 0;
		};
/* End PBXSourcesBuildPhase section */

/* Begin XCBuildConfiguration section */
		1D6058940D05DD3E006BFB54 /* Debug */ = {
			isa = XCBuildConfiguration;
			buildSettings = {
				ALWAYS_SEARCH_USER_PATHS = NO;
				COPY_PHASE_STRIP = NO;
				GCC_DYNAMIC_NO_PIC = NO;
				GCC_OPTIMIZATION_LEVEL = 0;
				GCC_PRECOMPILE_PREFIX_HEADER = YES;
				GCC_PREFIX_HEADER = PINCode/PINCode_Prefix.pch;
				INFOPLIST_FILE = "PINCode/PINCode-Info.plist";
				PRODUCT_NAME = PINCode;
			};
			name = Debug;
		};
		1D6058950D05DD3E006BFB54 /* Release */ = {
			isa = XCBuildConfiguration;
			buildSettings = {
				ALWAYS_SEARCH_USER_PATHS = NO;
				COPY_PHASE_STRIP = YES;
				GCC_PRECOMPILE_PREFIX_HEADER = YES;
				GCC_PREFIX_HEADER = PINCode/PINCode_Prefix.pch;
				INFOPLIST_FILE = "PINCode/PINCode-Info.plist";
				PRODUCT_NAME = PINCode;
				VALIDATE_PRODUCT = YES;
			};
			name = Release;
		};
		C01FCF4F08A954540054247B /* Debug */ = {
			isa = XCBuildConfiguration;
			buildSettings = {
				ARCHS = "$(ARCHS_STANDARD_32_BIT)";
				GCC_C_LANGUAGE_STANDARD = c99;
				GCC_VERSION = com.apple.compilers.llvm.clang.1_0;
				GCC_WARN_ABOUT_RETURN_TYPE = YES;
				GCC_WARN_UNUSED_VARIABLE = YES;
				IPHONEOS_DEPLOYMENT_TARGET = 3.0;
				SDKROOT = iphoneos;
			};
			name = Debug;
		};
		C01FCF5008A954540054247B /* Release */ = {
			isa = XCBuildConfiguration;
			buildSettings = {
				ARCHS = "$(ARCHS_STANDARD_32_BIT)";
				GCC_C_LANGUAGE_STANDARD = c99;
				GCC_VERSION = com.apple.compilers.llvm.clang.1_0;
				GCC_WARN_ABOUT_RETURN_TYPE = YES;
				GCC_WARN_UNUSED_VARIABLE = YES;
				IPHONEOS_DEPLOYMENT_TARGET = 3.0;
				OTHER_CFLAGS = "-DNS_BLOCK_ASSERTIONS=1";
				SDKROOT = iphoneos;
			};
			name = Release;
		};
/* End XCBuildConfiguration section */

/* Begin XCConfigurationList section */
		1D6058960D05DD3E006BFB54 /* Build configuration list for PBXNativeTarget "PINCode" */ = {
			isa = XCConfigurationList;
			buildConfigurations = (
				1D6058940D05DD3E006BFB54 /* Debug */,
				1D6058950D05DD3E006BFB54 /* Release */,
			);
			defaultConfigurationIsVisible = 0;
			defaultConfigurationName = Release;
		};
		C01FCF4E08A954540054247B /* Build configuration list for PBXProject "PINCode" */ = {
			isa = XCConfigurationList;
			buildConfigurations = (
				C01FCF4F08A954540054247B /* Debug */,
				C01FCF5008A954540054247B /* Release */,
			);
			defaultConfigurationIsVisible = 0;
			defaultConfigurationName = Release;
		};
/* End XCConfigurationList section */
	};
	rootObject = 29B97313FDCFA39411CA2CEA /* Project object */;
}
